
Microsoft Visual Studio Solution File, Format Version 12.00
# Visual Studio Version 17
VisualStudioVersion = 17.8.34408.163
MinimumVisualStudioVersion = 10.0.40219.1
Project("{FAE04EC0-301F-11D3-BF4B-00C04F79EFBC}") = "MathMethod", "MathMethod.csproj", "{2B4E8E76-F047-49D9-82E2-8FE69B64A71C}"
EndProject
Global
	GlobalSection(SolutionConfigurationPlatforms) = preSolution
		Debug|Any CPU = Debug|Any CPU
		Release|Any CPU = Release|Any CPU
	EndGlobalSection
	GlobalSection(ProjectConfigurationPlatforms) = postSolution
		{2B4E8E76-F047-49D9-82E2-8FE69B64A71C}.Debug|Any CPU.ActiveCfg = Debug|Any CPU
		{2B4E8E76-F047-49D9-82E2-8FE69B64A71C}.Debug|Any CPU.Build.0 = Debug|Any CPU
		{2B4E8E76-F047-49D9-82E2-8FE69B64A71C}.Release|Any CPU.ActiveCfg = Release|Any CPU
		{2B4E8E76-F047-49D9-82E2-8FE69B64A71C}.Release|Any CPU.Build.0 = Release|Any CPU
	EndGlobalSection
	GlobalSection(SolutionProperties) = preSolution
		HideSolutionNode = FALSE
	EndGlobalSection
	GlobalSection(ExtensibilityGlobals) = postSolution
		SolutionGuid = {C0ACBEE6-1A97-4781-9B97-5E899E4F4DBE}
	EndGlobalSection
EndGlobal
